// !$*UTF8*$!
{
	archiveVersion = 1;
	classes = {
	};
	objectVersion = 56;
	objects = {

/* Begin PBXBuildFile section */
		FE933BB52BEC53E80015469E /* AppDelegate.swift in Sources */ = {isa = PBXBuildFile; fileRef = FE933BB42BEC53E80015469E /* AppDelegate.swift */; };
		FE933BB72BEC53E80015469E /* SceneDelegate.swift in Sources */ = {isa = PBXBuildFile; fileRef = FE933BB62BEC53E80015469E /* SceneDelegate.swift */; };
		FE933BB92BEC53E80015469E /* ViewController.swift in Sources */ = {isa = PBXBuildFile; fileRef = FE933BB82BEC53E80015469E /* ViewController.swift */; };
		FE933BBE2BEC53E90015469E /* Assets.xcassets in Resources */ = {isa = PBXBuildFile; fileRef = FE933BBD2BEC53E90015469E /* Assets.xcassets */; };
		FE933BC12BEC53E90015469E /* Base in Resources */ = {isa = PBXBuildFile; fileRef = FE933BC02BEC53E90015469E /* Base */; };
		FE933BD52BEC65020015469E /* BaseTableViewCell.swift in Sources */ = {isa = PBXBuildFile; fileRef = FE933BD42BEC65020015469E /* BaseTableViewCell.swift */; };
		FE933BD72BEC65210015469E /* TestTableViewCell.swift in Sources */ = {isa = PBXBuildFile; fileRef = FE933BD62BEC65210015469E /* TestTableViewCell.swift */; };
		FE933BDD2BEC69180015469E /* SnapKit in Frameworks */ = {isa = PBXBuildFile; productRef = FE933BDC2BEC69180015469E /* SnapKit */; };
		FE933BE02BEC69300015469E /* SkeletonView in Frameworks */ = {isa = PBXBuildFile; productRef = FE933BDF2BEC69300015469E /* SkeletonView */; };
/* End PBXBuildFile section */

/* Begin PBXFileReference section */
		FE933BB12BEC53E80015469E /* skeleton_view.app */ = {isa = PBXFileReference; explicitFileType = wrapper.application; includeInIndex = 0; path = skeleton_view.app; sourceTree = BUILT_PRODUCTS_DIR; };
		FE933BB42BEC53E80015469E /* AppDelegate.swift */ = {isa = PBXFileReference; lastKnownFileType = sourcecode.swift; path = AppDelegate.swift; sourceTree = "<group>"; };
		FE933BB62BEC53E80015469E /* SceneDelegate.swift */ = {isa = PBXFileReference; lastKnownFileType = sourcecode.swift; path = SceneDelegate.swift; sourceTree = "<group>"; };
		FE933BB82BEC53E80015469E /* ViewController.swift */ = {isa = PBXFileReference; lastKnownFileType = sourcecode.swift; path = ViewController.swift; sourceTree = "<group>"; };
		FE933BBD2BEC53E90015469E /* Assets.xcassets */ = {isa = PBXFileReference; lastKnownFileType = folder.assetcatalog; path = Assets.xcassets; sourceTree = "<group>"; };
		FE933BC02BEC53E90015469E /* Base */ = {isa = PBXFileReference; lastKnownFileType = file.storyboard; name = Base; path = Base.lproj/LaunchScreen.storyboard; sourceTree = "<group>"; };
		FE933BC22BEC53E90015469E /* Info.plist */ = {isa = PBXFileReference; lastKnownFileType = text.plist.xml; path = Info.plist; sourceTree = "<group>"; };
		FE933BD42BEC65020015469E /* BaseTableViewCell.swift */ = {isa = PBXFileReference; lastKnownFileType = sourcecode.swift; path = BaseTableViewCell.swift; sourceTree = "<group>"; };
		FE933BD62BEC65210015469E /* TestTableViewCell.swift */ = {isa = PBXFileReference; lastKnownFileType = sourcecode.swift; path = TestTableViewCell.swift; sourceTree = "<group>"; };
/* End PBXFileReference section */

/* Begin PBXFrameworksBuildPhase section */
		FE933BAE2BEC53E80015469E /* Frameworks */ = {
			isa = PBXFrameworksBuildPhase;
			buildActionMask = 2147483647;
			files = (
				FE933BE02BEC69300015469E /* SkeletonView in Frameworks */,
				FE933BDD2BEC69180015469E /* SnapKit in Frameworks */,
			);
			runOnlyForDeploymentPostprocessing = 0;
		};
/* End PBXFrameworksBuildPhase section */

/* Begin PBXGroup section */
		FE933BA82BEC53E80015469E = {
			isa = PBXGroup;
			children = (
				FE933BB32BEC53E80015469E /* skeleton_view */,
				FE933BB22BEC53E80015469E /* Products */,
			);
			sourceTree = "<group>";
		};
		FE933BB22BEC53E80015469E /* Products */ = {
			isa = PBXGroup;
			children = (
				FE933BB12BEC53E80015469E /* skeleton_view.app */,
			);
			name = Products;
			sourceTree = "<group>";
		};
		FE933BB32BEC53E80015469E /* skeleton_view */ = {
			isa = PBXGroup;
			children = (
				FE933BB42BEC53E80015469E /* AppDelegate.swift */,
				FE933BB62BEC53E80015469E /* SceneDelegate.swift */,
				FE933BB82BEC53E80015469E /* ViewController.swift */,
				FE933BD42BEC65020015469E /* BaseTableViewCell.swift */,
				FE933BD62BEC65210015469E /* TestTableViewCell.swift */,
				FE933BBD2BEC53E90015469E /* Assets.xcassets */,
				FE933BBF2BEC53E90015469E /* LaunchScreen.storyboard */,
				FE933BC22BEC53E90015469E /* Info.plist */,
			);
			path = skeleton_view;
			sourceTree = "<group>";
		};
/* End PBXGroup section */

/* Begin PBXNativeTarget section */
		FE933BB02BEC53E80015469E /* skeleton_view */ = {
			isa = PBXNativeTarget;
			buildConfigurationList = FE933BC52BEC53E90015469E /* Build configuration list for PBXNativeTarget "skeleton_view" */;
			buildPhases = (
				FE933BAD2BEC53E80015469E /* Sources */,
				FE933BAE2BEC53E80015469E /* Frameworks */,
				FE933BAF2BEC53E80015469E /* Resources */,
			);
			buildRules = (
			);
			dependencies = (
			);
			name = skeleton_view;
			packageProductDependencies = (
				FE933BDC2BEC69180015469E /* SnapKit */,
				FE933BDF2BEC69300015469E /* SkeletonView */,
			);
			productName = skeleton_view;
			productReference = FE933BB12BEC53E80015469E /* skeleton_view.app */;
			productType = "com.apple.product-type.application";
		};
/* End PBXNativeTarget section */

/* Begin PBXProject section */
		FE933BA92BEC53E80015469E /* Project object */ = {
			isa = PBXProject;
			attributes = {
				BuildIndependentTargetsInParallel = 1;
				LastSwiftUpdateCheck = 1530;
				LastUpgradeCheck = 1530;
				TargetAttributes = {
					FE933BB02BEC53E80015469E = {
						CreatedOnToolsVersion = 15.3;
					};
				};
			};
			buildConfigurationList = FE933BAC2BEC53E80015469E /* Build configuration list for PBXProject "skeleton_view" */;
			compatibilityVersion = "Xcode 14.0";
			developmentRegion = en;
			hasScannedForEncodings = 0;
			knownRegions = (
				en,
				Base,
			);
			mainGroup = FE933BA82BEC53E80015469E;
			packageReferences = (
				FE933BDB2BEC69180015469E /* XCRemoteSwiftPackageReference "SnapKit" */,
				FE933BDE2BEC69300015469E /* XCRemoteSwiftPackageReference "SkeletonView" */,
			);
			productRefGroup = FE933BB22BEC53E80015469E /* Products */;
			projectDirPath = "";
			projectRoot = "";
			targets = (
				FE933BB02BEC53E80015469E /* skeleton_view */,
			);
		};
/* End PBXProject section */

/* Begin PBXResourcesBuildPhase section */
		FE933BAF2BEC53E80015469E /* Resources */ = {
			isa = PBXResourcesBuildPhase;
			buildActionMask = 2147483647;
			files = (
				FE933BBE2BEC53E90015469E /* Assets.xcassets in Resources */,
				FE933BC12BEC53E90015469E /* Base in Resources */,
			);
			runOnlyForDeploymentPostprocessing = 0;
		};
/* End PBXResourcesBuildPhase section */

/* Begin PBXSourcesBuildPhase section */
		FE933BAD2BEC53E80015469E /* Sources */ = {
			isa = PBXSourcesBuildPhase;
			buildActionMask = 2147483647;
			files = (
				FE933BB92BEC53E80015469E /* ViewController.swift in Sources */,
				FE933BB52BEC53E80015469E /* AppDelegate.swift in Sources */,
				FE933BD52BEC65020015469E /* BaseTableViewCell.swift in Sources */,
				FE933BD72BEC65210015469E /* TestTableViewCell.swift in Sources */,
				FE933BB72BEC53E80015469E /* SceneDelegate.swift in Sources */,
			);
			runOnlyForDeploymentPostprocessing = 0;
		};
/* End PBXSourcesBuildPhase section */

/* Begin PBXVariantGroup section */
		FE933BBF2BEC53E90015469E /* LaunchScreen.storyboard */ = {
			isa = PBXVariantGroup;
			children = (
				FE933BC02BEC53E90015469E /* Base */,
			);
			name = LaunchScreen.storyboard;
			sourceTree = "<group>";
		};
/* End PBXVariantGroup section */

/* Begin XCBuildConfiguration section */
		FE933BC32BEC53E90015469E /* Debug */ = {
			isa = XCBuildConfiguration;
			buildSettings = {
				ALWAYS_SEARCH_USER_PATHS = NO;
				ASSETCATALOG_COMPILER_GENERATE_SWIFT_ASSET_SYMBOL_EXTENSIONS = YES;
				CLANG_ANALYZER_NONNULL = YES;
				CLANG_ANALYZER_NUMBER_OBJECT_CONVERSION = YES_AGGRESSIVE;
				CLANG_CXX_LANGUAGE_STANDARD = "gnu++20";
				CLANG_ENABLE_MODULES = YES;
				CLANG_ENABLE_OBJC_ARC = YES;
				CLANG_ENABLE_OBJC_WEAK = YES;
				CLANG_WARN_BLOCK_CAPTURE_AUTORELEASING = YES;
				CLANG_WARN_BOOL_CONVERSION = YES;
				CLANG_WARN_COMMA = YES;
				CLANG_WARN_CONSTANT_CONVERSION = YES;
				CLANG_WARN_DEPRECATED_OBJC_IMPLEMENTATIONS = YES;
				CLANG_WARN_DIRECT_OBJC_ISA_USAGE = YES_ERROR;
				CLANG_WARN_DOCUMENTATION_COMMENTS = YES;
				CLANG_WARN_EMPTY_BODY = YES;
				CLANG_WARN_ENUM_CONVERSION = YES;
				CLANG_WARN_INFINITE_RECURSION = YES;
				CLANG_WARN_INT_CONVERSION = YES;
				CLANG_WARN_NON_LITERAL_NULL_CONVERSION = YES;
				CLANG_WARN_OBJC_IMPLICIT_RETAIN_SELF = YES;
				CLANG_WARN_OBJC_LITERAL_CONVERSION = YES;
				CLANG_WARN_OBJC_ROOT_CLASS = YES_ERROR;
				CLANG_WARN_QUOTED_INCLUDE_IN_FRAMEWORK_HEADER = YES;
				CLANG_WARN_RANGE_LOOP_ANALYSIS = YES;
				CLANG_WARN_STRICT_PROTOTYPES = YES;
				CLANG_WARN_SUSPICIOUS_MOVE = YES;
				CLANG_WARN_UNGUARDED_AVAILABILITY = YES_AGGRESSIVE;
				CLANG_WARN_UNREACHABLE_CODE = YES;
				CLANG_WARN__DUPLICATE_METHOD_MATCH = YES;
				COPY_PHASE_STRIP = NO;
				DEBUG_INFORMATION_FORMAT = dwarf;
				ENABLE_STRICT_OBJC_MSGSEND = YES;
				ENABLE_TESTABILITY = YES;
				ENABLE_USER_SCRIPT_SANDBOXING = YES;
				GCC_C_LANGUAGE_STANDARD = gnu17;
				GCC_DYNAMIC_NO_PIC = NO;
				GCC_NO_COMMON_BLOCKS = YES;
				GCC_OPTIMIZATION_LEVEL = 0;
				GCC_PREPROCESSOR_DEFINITIONS = (
					"DEBUG=1",
					"$(inherited)",
				);
				GCC_WARN_64_TO_32_BIT_CONVERSION = YES;
				GCC_WARN_ABOUT_RETURN_TYPE = YES_ERROR;
				GCC_WARN_UNDECLARED_SELECTOR = YES;
				GCC_WARN_UNINITIALIZED_AUTOS = YES_AGGRESSIVE;
				GCC_WARN_UNUSED_FUNCTION = YES;
				GCC_WARN_UNUSED_VARIABLE = YES;
				IPHONEOS_DEPLOYMENT_TARGET = 17.4;
				LOCALIZATION_PREFERS_STRING_CATALOGS = YES;
				MTL_ENABLE_DEBUG_INFO = INCLUDE_SOURCE;
				MTL_FAST_MATH = YES;
				ONLY_ACTIVE_ARCH = YES;
				SDKROOT = iphoneos;
				SWIFT_ACTIVE_COMPILATION_CONDITIONS = "DEBUG $(inherited)";
				SWIFT_OPTIMIZATION_LEVEL = "-Onone";
			};
			name = Debug;
		};
		FE933BC42BEC53E90015469E /* Release */ = {
			isa = XCBuildConfiguration;
			buildSettings = {
				ALWAYS_SEARCH_USER_PATHS = NO;
				ASSETCATALOG_COMPILER_GENERATE_SWIFT_ASSET_SYMBOL_EXTENSIONS = YES;
				CLANG_ANALYZER_NONNULL = YES;
				CLANG_ANALYZER_NUMBER_OBJECT_CONVERSION = YES_AGGRESSIVE;
				CLANG_CXX_LANGUAGE_STANDARD = "gnu++20";
				CLANG_ENABLE_MODULES = YES;
				CLANG_ENABLE_OBJC_ARC = YES;
				CLANG_ENABLE_OBJC_WEAK = YES;
				CLANG_WARN_BLOCK_CAPTURE_AUTORELEASING = YES;
				CLANG_WARN_BOOL_CONVERSION = YES;
				CLANG_WARN_COMMA = YES;
				CLANG_WARN_CONSTANT_CONVERSION = YES;
				CLANG_WARN_DEPRECATED_OBJC_IMPLEMENTATIONS = YES;
				CLANG_WARN_DIRECT_OBJC_ISA_USAGE = YES_ERROR;
				CLANG_WARN_DOCUMENTATION_COMMENTS = YES;
				CLANG_WARN_EMPTY_BODY = YES;
				CLANG_WARN_ENUM_CONVERSION = YES;
				CLANG_WARN_INFINITE_RECURSION = YES;
				CLANG_WARN_INT_CONVERSION = YES;
				CLANG_WARN_NON_LITERAL_NULL_CONVERSION = YES;
				CLANG_WARN_OBJC_IMPLICIT_RETAIN_SELF = YES;
				CLANG_WARN_OBJC_LITERAL_CONVERSION = YES;
				CLANG_WARN_OBJC_ROOT_CLASS = YES_ERROR;
				CLANG_WARN_QUOTED_INCLUDE_IN_FRAMEWORK_HEADER = YES;
				CLANG_WARN_RANGE_LOOP_ANALYSIS = YES;
				CLANG_WARN_STRICT_PROTOTYPES = YES;
				CLANG_WARN_SUSPICIOUS_MOVE = YES;
				CLANG_WARN_UNGUARDED_AVAILABILITY = YES_AGGRESSIVE;
				CLANG_WARN_UNREACHABLE_CODE = YES;
				CLANG_WARN__DUPLICATE_METHOD_MATCH = YES;
				COPY_PHASE_STRIP = NO;
				DEBUG_INFORMATION_FORMAT = "dwarf-with-dsym";
				ENABLE_NS_ASSERTIONS = NO;
				ENABLE_STRICT_OBJC_MSGSEND = YES;
				ENABLE_USER_SCRIPT_SANDBOXING = YES;
				GCC_C_LANGUAGE_STANDARD = gnu17;
				GCC_NO_COMMON_BLOCKS = YES;
				GCC_WARN_64_TO_32_BIT_CONVERSION = YES;
				GCC_WARN_ABOUT_RETURN_TYPE = YES_ERROR;
				GCC_WARN_UNDECLARED_SELECTOR = YES;
				GCC_WARN_UNINITIALIZED_AUTOS = YES_AGGRESSIVE;
				GCC_WARN_UNUSED_FUNCTION = YES;
				GCC_WARN_UNUSED_VARIABLE = YES;
				IPHONEOS_DEPLOYMENT_TARGET = 17.4;
				LOCALIZATION_PREFERS_STRING_CATALOGS = YES;
				MTL_ENABLE_DEBUG_INFO = NO;
				MTL_FAST_MATH = YES;
				SDKROOT = iphoneos;
				SWIFT_COMPILATION_MODE = wholemodule;
				VALIDATE_PRODUCT = YES;
			};
			name = Release;
		};
		FE933BC62BEC53E90015469E /* Debug */ = {
			isa = XCBuildConfiguration;
			buildSettings = {
				ASSETCATALOG_COMPILER_APPICON_NAME = AppIcon;
				ASSETCATALOG_COMPILER_GLOBAL_ACCENT_COLOR_NAME = AccentColor;
				CODE_SIGN_STYLE = Automatic;
				CURRENT_PROJECT_VERSION = 1;
				DEVELOPMENT_TEAM = 634BS9RZ9N;
				GENERATE_INFOPLIST_FILE = YES;
				INFOPLIST_FILE = skeleton_view/Info.plist;
				INFOPLIST_KEY_UIApplicationSupportsIndirectInputEvents = YES;
				INFOPLIST_KEY_UILaunchStoryboardName = LaunchScreen;
				INFOPLIST_KEY_UIMainStoryboardFile = "";
				INFOPLIST_KEY_UISupportedInterfaceOrientations_iPad = "UIInterfaceOrientationPortrait UIInterfaceOrientationPortraitUpsideDown UIInterfaceOrientationLandscapeLeft UIInterfaceOrientationLandscapeRight";
				INFOPLIST_KEY_UISupportedInterfaceOrientations_iPhone = "UIInterfaceOrientationPortrait UIInterfaceOrientationLandscapeLeft UIInterfaceOrientationLandscapeRight";
				LD_RUNPATH_SEARCH_PATHS = (
					"$(inherited)",
					"@executable_path/Frameworks",
				);
				MARKETING_VERSION = 1.0;
				PRODUCT_BUNDLE_IDENTIFIER = "com.oseung.demo.skeleton-view";
				PRODUCT_NAME = "$(TARGET_NAME)";
				SWIFT_EMIT_LOC_STRINGS = YES;
				SWIFT_VERSION = 5.0;
				TARGETED_DEVICE_FAMILY = "1,2";
			};
			name = Debug;
		};
		FE933BC72BEC53E90015469E /* Release */ = {
			isa = XCBuildConfiguration;
			buildSettings = {
				ASSETCATALOG_COMPILER_APPICON_NAME = AppIcon;
				ASSETCATALOG_COMPILER_GLOBAL_ACCENT_COLOR_NAME = AccentColor;
				CODE_SIGN_STYLE = Automatic;
				CURRENT_PROJECT_VERSION = 1;
				DEVELOPMENT_TEAM = 634BS9RZ9N;
				GENERATE_INFOPLIST_FILE = YES;
				INFOPLIST_FILE = skeleton_view/Info.plist;
				INFOPLIST_KEY_UIApplicationSupportsIndirectInputEvents = YES;
				INFOPLIST_KEY_UILaunchStoryboardName = LaunchScreen;
				INFOPLIST_KEY_UIMainStoryboardFile = "";
				INFOPLIST_KEY_UISupportedInterfaceOrientations_iPad = "UIInterfaceOrientationPortrait UIInterfaceOrientationPortraitUpsideDown UIInterfaceOrientationLandscapeLeft UIInterfaceOrientationLandscapeRight";
				INFOPLIST_KEY_UISupportedInterfaceOrientations_iPhone = "UIInterfaceOrientationPortrait UIInterfaceOrientationLandscapeLeft UIInterfaceOrientationLandscapeRight";
				LD_RUNPATH_SEARCH_PATHS = (
					"$(inherited)",
					"@executable_path/Frameworks",
				);
				MARKETING_VERSION = 1.0;
				PRODUCT_BUNDLE_IDENTIFIER = "com.oseung.demo.skeleton-view";
				PRODUCT_NAME = "$(TARGET_NAME)";
				SWIFT_EMIT_LOC_STRINGS = YES;
				SWIFT_VERSION = 5.0;
				TARGETED_DEVICE_FAMILY = "1,2";
			};
			name = Release;
		};
/* End XCBuildConfiguration section */

/* Begin XCConfigurationList section */
		FE933BAC2BEC53E80015469E /* Build configuration list for PBXProject "skeleton_view" */ = {
			isa = XCConfigurationList;
			buildConfigurations = (
				FE933BC32BEC53E90015469E /* Debug */,
				FE933BC42BEC53E90015469E /* Release */,
			);
			defaultConfigurationIsVisible = 0;
			defaultConfigurationName = Release;
		};
		FE933BC52BEC53E90015469E /* Build configuration list for PBXNativeTarget "skeleton_view" */ = {
			isa = XCConfigurationList;
			buildConfigurations = (
				FE933BC62BEC53E90015469E /* Debug */,
				FE933BC72BEC53E90015469E /* Release */,
			);
			defaultConfigurationIsVisible = 0;
			defaultConfigurationName = Release;
		};
/* End XCConfigurationList section */

/* Begin XCRemoteSwiftPackageReference section */
		FE933BDB2BEC69180015469E /* XCRemoteSwiftPackageReference "SnapKit" */ = {
			isa = XCRemoteSwiftPackageReference;
			repositoryURL = "https://github.com/SnapKit/SnapKit.git";
			requirement = {
				kind = upToNextMajorVersion;
				minimumVersion = 5.7.1;
			};
		};
		FE933BDE2BEC69300015469E /* XCRemoteSwiftPackageReference "SkeletonView" */ = {
			isa = XCRemoteSwiftPackageReference;
			repositoryURL = "https://github.com/Juanpe/SkeletonView.git";
			requirement = {
				kind = upToNextMajorVersion;
				minimumVersion = 1.31.0;
			};
		};
/* End XCRemoteSwiftPackageReference section */

/* Begin XCSwiftPackageProductDependency section */
		FE933BDC2BEC69180015469E /* SnapKit */ = {
			isa = XCSwiftPackageProductDependency;
			package = FE933BDB2BEC69180015469E /* XCRemoteSwiftPackageReference "SnapKit" */;
			productName = SnapKit;
		};
		FE933BDF2BEC69300015469E /* SkeletonView */ = {
			isa = XCSwiftPackageProductDependency;
			package = FE933BDE2BEC69300015469E /* XCRemoteSwiftPackageReference "SkeletonView" */;
			productName = SkeletonView;
		};
/* End XCSwiftPackageProductDependency section */
	};
	rootObject = FE933BA92BEC53E80015469E /* Project object */;
}
